
Microsoft Visual Studio Solution File, Format Version 12.00
# Visual Studio Version 16
VisualStudioVersion = 16.0.31025.194
MinimumVisualStudioVersion = 10.0.40219.1
Project("{FAE04EC0-301F-11D3-BF4B-00C04F79EFBC}") = "WPFAssignment", "WPFAssignment\WPFAssignment.csproj", "{FFAB6D23-6C91-4355-8EAD-FF4DBA58709D}"
EndProject
Global
	GlobalSection(SolutionConfigurationPlatforms) = preSolution
		Debug|Any CPU = Debug|Any CPU
		Release|Any CPU = Release|Any CPU
	EndGlobalSection
	GlobalSection(ProjectConfigurationPlatforms) = postSolution
		{FFAB6D23-6C91-4355-8EAD-FF4DBA58709D}.Debug|Any CPU.ActiveCfg = Debug|Any CPU
		{FFAB6D23-6C91-4355-8EAD-FF4DBA58709D}.Debug|Any CPU.Build.0 = Debug|Any CPU
		{FFAB6D23-6C91-4355-8EAD-FF4DBA58709D}.Release|Any CPU.ActiveCfg = Release|Any CPU
		{FFAB6D23-6C91-4355-8EAD-FF4DBA58709D}.Release|Any CPU.Build.0 = Release|Any CPU
	EndGlobalSection
	GlobalSection(SolutionProperties) = preSolution
		HideSolutionNode = FALSE
	EndGlobalSection
	GlobalSection(ExtensibilityGlobals) = postSolution
		SolutionGuid = {85678B0E-08D3-4EBB-B558-6766AF161AC7}
	EndGlobalSection
EndGlobal
